
Microsoft Visual Studio Solution File, Format Version 12.00
# Visual Studio Version 17
VisualStudioVersion = 17.0.31903.59
MinimumVisualStudioVersion = 10.0.40219.1
Project("{2150E333-8FDC-42A3-9474-1A3956D46DE8}") = "src", "src", "{A7FE225B-6376-4794-9A3A-2027BE48ACB3}"
EndProject
Project("{FAE04EC0-301F-11D3-BF4B-00C04F79EFBC}") = "Engine", "src\Engine\Engine.csproj", "{E5CD7BD5-7E4C-4093-9D53-56EE6F4793D8}"
EndProject
Project("{FAE04EC0-301F-11D3-BF4B-00C04F79EFBC}") = "WebHandlers", "src\WebHandlers\WebHandlers.csproj", "{C01E6EEF-54FF-44D9-86DC-F6BAF68588D0}"
EndProject
Project("{FAE04EC0-301F-11D3-BF4B-00C04F79EFBC}") = "BlazorComponents", "src\BlazorComponents\BlazorComponents.csproj", "{3F13B53D-1E3E-4BC3-9BC9-A71A569871A0}"
EndProject
Project("{2150E333-8FDC-42A3-9474-1A3956D46DE8}") = "tests", "tests", "{9652D4C9-767B-4333-8586-333C782D7F11}"
EndProject
Project("{FAE04EC0-301F-11D3-BF4B-00C04F79EFBC}") = "Engine.UnitTests", "tests\Engine.UnitTests\Engine.UnitTests.csproj", "{796285A0-D794-4A3F-B2B4-75EA46142D04}"
EndProject
Project("{FAE04EC0-301F-11D3-BF4B-00C04F79EFBC}") = "WebHandlers.IntegrationTests", "tests\WebHandlers.IntegrationTests\WebHandlers.IntegrationTests.csproj", "{0D128706-C0FC-4672-B0E8-C6F12AA81C08}"
EndProject
Project("{FAE04EC0-301F-11D3-BF4B-00C04F79EFBC}") = "BlazorComponents.End2EndTests", "tests\BlazorComponents.End2EndTests\BlazorComponents.End2EndTests.csproj", "{BC65D578-F4F8-4A46-95D9-69A99AA8C7A0}"
EndProject
Project("{2150E333-8FDC-42A3-9474-1A3956D46DE8}") = "examples", "examples", "{DD6B8A93-70E0-464D-8E51-AADBDB6B9A36}"
EndProject
Project("{2150E333-8FDC-42A3-9474-1A3956D46DE8}") = "FullStack", "FullStack", "{6C7911E0-47C9-4C78-BBE3-222C21E21437}"
EndProject
Project("{FAE04EC0-301F-11D3-BF4B-00C04F79EFBC}") = "Books", "examples\FullStack\Books\Books.csproj", "{47DC0CD3-CC2C-400F-89A3-1A714A7DACEE}"
EndProject
Project("{FAE04EC0-301F-11D3-BF4B-00C04F79EFBC}") = "WebClient", "src\WebClient\WebClient.csproj", "{E4EC957D-8BCD-414D-B900-A36041BC5940}"
EndProject
Project("{FAE04EC0-301F-11D3-BF4B-00C04F79EFBC}") = "WebClient.FunctionalTests", "tests\WebClient.FunctionalTests\WebClient.FunctionalTests.csproj", "{B67C0DAB-E238-463C-8735-1F5BF75CF399}"
EndProject
Global
	GlobalSection(SolutionConfigurationPlatforms) = preSolution
		Debug|Any CPU = Debug|Any CPU
		Release|Any CPU = Release|Any CPU
	EndGlobalSection
	GlobalSection(SolutionProperties) = preSolution
		HideSolutionNode = FALSE
	EndGlobalSection
	GlobalSection(ProjectConfigurationPlatforms) = postSolution
		{E5CD7BD5-7E4C-4093-9D53-56EE6F4793D8}.Debug|Any CPU.ActiveCfg = Debug|Any CPU
		{E5CD7BD5-7E4C-4093-9D53-56EE6F4793D8}.Debug|Any CPU.Build.0 = Debug|Any CPU
		{E5CD7BD5-7E4C-4093-9D53-56EE6F4793D8}.Release|Any CPU.ActiveCfg = Release|Any CPU
		{E5CD7BD5-7E4C-4093-9D53-56EE6F4793D8}.Release|Any CPU.Build.0 = Release|Any CPU
		{C01E6EEF-54FF-44D9-86DC-F6BAF68588D0}.Debug|Any CPU.ActiveCfg = Debug|Any CPU
		{C01E6EEF-54FF-44D9-86DC-F6BAF68588D0}.Debug|Any CPU.Build.0 = Debug|Any CPU
		{C01E6EEF-54FF-44D9-86DC-F6BAF68588D0}.Release|Any CPU.ActiveCfg = Release|Any CPU
		{C01E6EEF-54FF-44D9-86DC-F6BAF68588D0}.Release|Any CPU.Build.0 = Release|Any CPU
		{3F13B53D-1E3E-4BC3-9BC9-A71A569871A0}.Debug|Any CPU.ActiveCfg = Debug|Any CPU
		{3F13B53D-1E3E-4BC3-9BC9-A71A569871A0}.Debug|Any CPU.Build.0 = Debug|Any CPU
		{3F13B53D-1E3E-4BC3-9BC9-A71A569871A0}.Release|Any CPU.ActiveCfg = Release|Any CPU
		{3F13B53D-1E3E-4BC3-9BC9-A71A569871A0}.Release|Any CPU.Build.0 = Release|Any CPU
		{796285A0-D794-4A3F-B2B4-75EA46142D04}.Debug|Any CPU.ActiveCfg = Debug|Any CPU
		{796285A0-D794-4A3F-B2B4-75EA46142D04}.Debug|Any CPU.Build.0 = Debug|Any CPU
		{796285A0-D794-4A3F-B2B4-75EA46142D04}.Release|Any CPU.ActiveCfg = Release|Any CPU
		{796285A0-D794-4A3F-B2B4-75EA46142D04}.Release|Any CPU.Build.0 = Release|Any CPU
		{0D128706-C0FC-4672-B0E8-C6F12AA81C08}.Debug|Any CPU.ActiveCfg = Debug|Any CPU
		{0D128706-C0FC-4672-B0E8-C6F12AA81C08}.Debug|Any CPU.Build.0 = Debug|Any CPU
		{0D128706-C0FC-4672-B0E8-C6F12AA81C08}.Release|Any CPU.ActiveCfg = Release|Any CPU
		{0D128706-C0FC-4672-B0E8-C6F12AA81C08}.Release|Any CPU.Build.0 = Release|Any CPU
		{BC65D578-F4F8-4A46-95D9-69A99AA8C7A0}.Debug|Any CPU.ActiveCfg = Debug|Any CPU
		{BC65D578-F4F8-4A46-95D9-69A99AA8C7A0}.Debug|Any CPU.Build.0 = Debug|Any CPU
		{BC65D578-F4F8-4A46-95D9-69A99AA8C7A0}.Release|Any CPU.ActiveCfg = Release|Any CPU
		{BC65D578-F4F8-4A46-95D9-69A99AA8C7A0}.Release|Any CPU.Build.0 = Release|Any CPU
		{47DC0CD3-CC2C-400F-89A3-1A714A7DACEE}.Debug|Any CPU.ActiveCfg = Debug|Any CPU
		{47DC0CD3-CC2C-400F-89A3-1A714A7DACEE}.Debug|Any CPU.Build.0 = Debug|Any CPU
		{47DC0CD3-CC2C-400F-89A3-1A714A7DACEE}.Release|Any CPU.ActiveCfg = Release|Any CPU
		{47DC0CD3-CC2C-400F-89A3-1A714A7DACEE}.Release|Any CPU.Build.0 = Release|Any CPU
		{E4EC957D-8BCD-414D-B900-A36041BC5940}.Debug|Any CPU.ActiveCfg = Debug|Any CPU
		{E4EC957D-8BCD-414D-B900-A36041BC5940}.Debug|Any CPU.Build.0 = Debug|Any CPU
		{E4EC957D-8BCD-414D-B900-A36041BC5940}.Release|Any CPU.ActiveCfg = Release|Any CPU
		{E4EC957D-8BCD-414D-B900-A36041BC5940}.Release|Any CPU.Build.0 = Release|Any CPU
		{B67C0DAB-E238-463C-8735-1F5BF75CF399}.Debug|Any CPU.ActiveCfg = Debug|Any CPU
		{B67C0DAB-E238-463C-8735-1F5BF75CF399}.Debug|Any CPU.Build.0 = Debug|Any CPU
		{B67C0DAB-E238-463C-8735-1F5BF75CF399}.Release|Any CPU.ActiveCfg = Release|Any CPU
		{B67C0DAB-E238-463C-8735-1F5BF75CF399}.Release|Any CPU.Build.0 = Release|Any CPU
	EndGlobalSection
	GlobalSection(NestedProjects) = preSolution
		{E5CD7BD5-7E4C-4093-9D53-56EE6F4793D8} = {A7FE225B-6376-4794-9A3A-2027BE48ACB3}
		{C01E6EEF-54FF-44D9-86DC-F6BAF68588D0} = {A7FE225B-6376-4794-9A3A-2027BE48ACB3}
		{3F13B53D-1E3E-4BC3-9BC9-A71A569871A0} = {A7FE225B-6376-4794-9A3A-2027BE48ACB3}
		{796285A0-D794-4A3F-B2B4-75EA46142D04} = {9652D4C9-767B-4333-8586-333C782D7F11}
		{0D128706-C0FC-4672-B0E8-C6F12AA81C08} = {9652D4C9-767B-4333-8586-333C782D7F11}
		{BC65D578-F4F8-4A46-95D9-69A99AA8C7A0} = {9652D4C9-767B-4333-8586-333C782D7F11}
		{6C7911E0-47C9-4C78-BBE3-222C21E21437} = {DD6B8A93-70E0-464D-8E51-AADBDB6B9A36}
		{47DC0CD3-CC2C-400F-89A3-1A714A7DACEE} = {6C7911E0-47C9-4C78-BBE3-222C21E21437}
		{E4EC957D-8BCD-414D-B900-A36041BC5940} = {A7FE225B-6376-4794-9A3A-2027BE48ACB3}
		{B67C0DAB-E238-463C-8735-1F5BF75CF399} = {9652D4C9-767B-4333-8586-333C782D7F11}
	EndGlobalSection
EndGlobal
